
Microsoft Visual Studio Solution File, Format Version 12.00
# Visual Studio 2013
VisualStudioVersion = 12.0.21005.1
MinimumVisualStudioVersion = 10.0.40219.1
Project("{8BC9CEB8-8B4A-11D0-8D11-00A0C91BC942}") = "fsprot", "fsprot\fsprot.vcxproj", "{3D2DC668-9B49-4E86-B371-CEFF7AAE56D6}"
EndProject
Project("{8BC9CEB8-8B4A-11D0-8D11-00A0C91BC942}") = "fsprot Package", "fsprot Package\fsprot Package.vcxproj", "{A82A2D20-A69B-4C71-89D2-59F9A16225B8}"
	ProjectSection(ProjectDependencies) = postProject
		{3D2DC668-9B49-4E86-B371-CEFF7AAE56D6} = {3D2DC668-9B49-4E86-B371-CEFF7AAE56D6}
	EndProjectSection
EndProject
Global
	GlobalSection(SolutionConfigurationPlatforms) = preSolution
		Win7 Debug|Win32 = Win7 Debug|Win32
		Win7 Debug|x64 = Win7 Debug|x64
		Win7 Release|Win32 = Win7 Release|Win32
		Win7 Release|x64 = Win7 Release|x64
		Win8 Debug|Win32 = Win8 Debug|Win32
		Win8 Debug|x64 = Win8 Debug|x64
		Win8 Release|Win32 = Win8 Release|Win32
		Win8 Release|x64 = Win8 Release|x64
		Win8.1 Debug|Win32 = Win8.1 Debug|Win32
		Win8.1 Debug|x64 = Win8.1 Debug|x64
		Win8.1 Release|Win32 = Win8.1 Release|Win32
		Win8.1 Release|x64 = Win8.1 Release|x64
	EndGlobalSection
	GlobalSection(ProjectConfigurationPlatforms) = postSolution
		{3D2DC668-9B49-4E86-B371-CEFF7AAE56D6}.Win7 Debug|Win32.ActiveCfg = Win7 Debug|Win32
		{3D2DC668-9B49-4E86-B371-CEFF7AAE56D6}.Win7 Debug|Win32.Build.0 = Win7 Debug|Win32
		{3D2DC668-9B49-4E86-B371-CEFF7AAE56D6}.Win7 Debug|Win32.Deploy.0 = Win7 Debug|Win32
		{3D2DC668-9B49-4E86-B371-CEFF7AAE56D6}.Win7 Debug|x64.ActiveCfg = Win7 Debug|x64
		{3D2DC668-9B49-4E86-B371-CEFF7AAE56D6}.Win7 Debug|x64.Build.0 = Win7 Debug|x64
		{3D2DC668-9B49-4E86-B371-CEFF7AAE56D6}.Win7 Debug|x64.Deploy.0 = Win7 Debug|x64
		{3D2DC668-9B49-4E86-B371-CEFF7AAE56D6}.Win7 Release|Win32.ActiveCfg = Win7 Release|Win32
		{3D2DC668-9B49-4E86-B371-CEFF7AAE56D6}.Win7 Release|Win32.Build.0 = Win7 Release|Win32
		{3D2DC668-9B49-4E86-B371-CEFF7AAE56D6}.Win7 Release|Win32.Deploy.0 = Win7 Release|Win32
		{3D2DC668-9B49-4E86-B371-CEFF7AAE56D6}.Win7 Release|x64.ActiveCfg = Win7 Release|x64
		{3D2DC668-9B49-4E86-B371-CEFF7AAE56D6}.Win7 Release|x64.Build.0 = Win7 Release|x64
		{3D2DC668-9B49-4E86-B371-CEFF7AAE56D6}.Win7 Release|x64.Deploy.0 = Win7 Release|x64
		{3D2DC668-9B49-4E86-B371-CEFF7AAE56D6}.Win8 Debug|Win32.ActiveCfg = Win8 Debug|Win32
		{3D2DC668-9B49-4E86-B371-CEFF7AAE56D6}.Win8 Debug|Win32.Build.0 = Win8 Debug|Win32
		{3D2DC668-9B49-4E86-B371-CEFF7AAE56D6}.Win8 Debug|Win32.Deploy.0 = Win8 Debug|Win32
		{3D2DC668-9B49-4E86-B371-CEFF7AAE56D6}.Win8 Debug|x64.ActiveCfg = Win8 Debug|x64
		{3D2DC668-9B49-4E86-B371-CEFF7AAE56D6}.Win8 Debug|x64.Build.0 = Win8 Debug|x64
		{3D2DC668-9B49-4E86-B371-CEFF7AAE56D6}.Win8 Debug|x64.Deploy.0 = Win8 Debug|x64
		{3D2DC668-9B49-4E86-B371-CEFF7AAE56D6}.Win8 Release|Win32.ActiveCfg = Win8 Release|Win32
		{3D2DC668-9B49-4E86-B371-CEFF7AAE56D6}.Win8 Release|Win32.Build.0 = Win8 Release|Win32
		{3D2DC668-9B49-4E86-B371-CEFF7AAE56D6}.Win8 Release|Win32.Deploy.0 = Win8 Release|Win32
		{3D2DC668-9B49-4E86-B371-CEFF7AAE56D6}.Win8 Release|x64.ActiveCfg = Win8 Release|x64
		{3D2DC668-9B49-4E86-B371-CEFF7AAE56D6}.Win8 Release|x64.Build.0 = Win8 Release|x64
		{3D2DC668-9B49-4E86-B371-CEFF7AAE56D6}.Win8 Release|x64.Deploy.0 = Win8 Release|x64
		{3D2DC668-9B49-4E86-B371-CEFF7AAE56D6}.Win8.1 Debug|Win32.ActiveCfg = Win8.1 Debug|Win32
		{3D2DC668-9B49-4E86-B371-CEFF7AAE56D6}.Win8.1 Debug|Win32.Build.0 = Win8.1 Debug|Win32
		{3D2DC668-9B49-4E86-B371-CEFF7AAE56D6}.Win8.1 Debug|Win32.Deploy.0 = Win8.1 Debug|Win32
		{3D2DC668-9B49-4E86-B371-CEFF7AAE56D6}.Win8.1 Debug|x64.ActiveCfg = Win8.1 Debug|x64
		{3D2DC668-9B49-4E86-B371-CEFF7AAE56D6}.Win8.1 Debug|x64.Build.0 = Win8.1 Debug|x64
		{3D2DC668-9B49-4E86-B371-CEFF7AAE56D6}.Win8.1 Debug|x64.Deploy.0 = Win8.1 Debug|x64
		{3D2DC668-9B49-4E86-B371-CEFF7AAE56D6}.Win8.1 Release|Win32.ActiveCfg = Win8.1 Release|Win32
		{3D2DC668-9B49-4E86-B371-CEFF7AAE56D6}.Win8.1 Release|Win32.Build.0 = Win8.1 Release|Win32
		{3D2DC668-9B49-4E86-B371-CEFF7AAE56D6}.Win8.1 Release|Win32.Deploy.0 = Win8.1 Release|Win32
		{3D2DC668-9B49-4E86-B371-CEFF7AAE56D6}.Win8.1 Release|x64.ActiveCfg = Win8.1 Release|x64
		{3D2DC668-9B49-4E86-B371-CEFF7AAE56D6}.Win8.1 Release|x64.Build.0 = Win8.1 Release|x64
		{3D2DC668-9B49-4E86-B371-CEFF7AAE56D6}.Win8.1 Release|x64.Deploy.0 = Win8.1 Release|x64
		{A82A2D20-A69B-4C71-89D2-59F9A16225B8}.Win7 Debug|Win32.ActiveCfg = Win7 Debug|Win32
		{A82A2D20-A69B-4C71-89D2-59F9A16225B8}.Win7 Debug|Win32.Build.0 = Win7 Debug|Win32
		{A82A2D20-A69B-4C71-89D2-59F9A16225B8}.Win7 Debug|Win32.Deploy.0 = Win7 Debug|Win32
		{A82A2D20-A69B-4C71-89D2-59F9A16225B8}.Win7 Debug|x64.ActiveCfg = Win7 Debug|x64
		{A82A2D20-A69B-4C71-89D2-59F9A16225B8}.Win7 Debug|x64.Build.0 = Win7 Debug|x64
		{A82A2D20-A69B-4C71-89D2-59F9A16225B8}.Win7 Debug|x64.Deploy.0 = Win7 Debug|x64
		{A82A2D20-A69B-4C71-89D2-59F9A16225B8}.Win7 Release|Win32.ActiveCfg = Win7 Release|Win32
		{A82A2D20-A69B-4C71-89D2-59F9A16225B8}.Win7 Release|Win32.Build.0 = Win7 Release|Win32
		{A82A2D20-A69B-4C71-89D2-59F9A16225B8}.Win7 Release|Win32.Deploy.0 = Win7 Release|Win32
		{A82A2D20-A69B-4C71-89D2-59F9A16225B8}.Win7 Release|x64.ActiveCfg = Win7 Release|x64
		{A82A2D20-A69B-4C71-89D2-59F9A16225B8}.Win7 Release|x64.Build.0 = Win7 Release|x64
		{A82A2D20-A69B-4C71-89D2-59F9A16225B8}.Win7 Release|x64.Deploy.0 = Win7 Release|x64
		{A82A2D20-A69B-4C71-89D2-59F9A16225B8}.Win8 Debug|Win32.ActiveCfg = Win8 Debug|Win32
		{A82A2D20-A69B-4C71-89D2-59F9A16225B8}.Win8 Debug|Win32.Build.0 = Win8 Debug|Win32
		{A82A2D20-A69B-4C71-89D2-59F9A16225B8}.Win8 Debug|Win32.Deploy.0 = Win8 Debug|Win32
		{A82A2D20-A69B-4C71-89D2-59F9A16225B8}.Win8 Debug|x64.ActiveCfg = Win8 Debug|x64
		{A82A2D20-A69B-4C71-89D2-59F9A16225B8}.Win8 Debug|x64.Build.0 = Win8 Debug|x64
		{A82A2D20-A69B-4C71-89D2-59F9A16225B8}.Win8 Debug|x64.Deploy.0 = Win8 Debug|x64
		{A82A2D20-A69B-4C71-89D2-59F9A16225B8}.Win8 Release|Win32.ActiveCfg = Win8 Release|Win32
		{A82A2D20-A69B-4C71-89D2-59F9A16225B8}.Win8 Release|Win32.Build.0 = Win8 Release|Win32
		{A82A2D20-A69B-4C71-89D2-59F9A16225B8}.Win8 Release|Win32.Deploy.0 = Win8 Release|Win32
		{A82A2D20-A69B-4C71-89D2-59F9A16225B8}.Win8 Release|x64.ActiveCfg = Win8 Release|x64
		{A82A2D20-A69B-4C71-89D2-59F9A16225B8}.Win8 Release|x64.Build.0 = Win8 Release|x64
		{A82A2D20-A69B-4C71-89D2-59F9A16225B8}.Win8 Release|x64.Deploy.0 = Win8 Release|x64
		{A82A2D20-A69B-4C71-89D2-59F9A16225B8}.Win8.1 Debug|Win32.ActiveCfg = Win8.1 Debug|Win32
		{A82A2D20-A69B-4C71-89D2-59F9A16225B8}.Win8.1 Debug|Win32.Build.0 = Win8.1 Debug|Win32
		{A82A2D20-A69B-4C71-89D2-59F9A16225B8}.Win8.1 Debug|Win32.Deploy.0 = Win8.1 Debug|Win32
		{A82A2D20-A69B-4C71-89D2-59F9A16225B8}.Win8.1 Debug|x64.ActiveCfg = Win8.1 Debug|x64
		{A82A2D20-A69B-4C71-89D2-59F9A16225B8}.Win8.1 Debug|x64.Build.0 = Win8.1 Debug|x64
		{A82A2D20-A69B-4C71-89D2-59F9A16225B8}.Win8.1 Debug|x64.Deploy.0 = Win8.1 Debug|x64
		{A82A2D20-A69B-4C71-89D2-59F9A16225B8}.Win8.1 Release|Win32.ActiveCfg = Win8.1 Release|Win32
		{A82A2D20-A69B-4C71-89D2-59F9A16225B8}.Win8.1 Release|Win32.Build.0 = Win8.1 Release|Win32
		{A82A2D20-A69B-4C71-89D2-59F9A16225B8}.Win8.1 Release|Win32.Deploy.0 = Win8.1 Release|Win32
		{A82A2D20-A69B-4C71-89D2-59F9A16225B8}.Win8.1 Release|x64.ActiveCfg = Win8.1 Release|x64
		{A82A2D20-A69B-4C71-89D2-59F9A16225B8}.Win8.1 Release|x64.Build.0 = Win8.1 Release|x64
		{A82A2D20-A69B-4C71-89D2-59F9A16225B8}.Win8.1 Release|x64.Deploy.0 = Win8.1 Release|x64
	EndGlobalSection
	GlobalSection(SolutionProperties) = preSolution
		HideSolutionNode = FALSE
	EndGlobalSection
EndGlobal
